# THIS IS AN AUTOGENERATED FILE. DO NOT EDIT THIS FILE DIRECTLY.
# yarn lockfile v1


"@types/node@^9.6.1":
  version "9.6.4"
  resolved "https://registry.yarnpkg.com/@types/node/-/node-9.6.4.tgz#0ef7b4cfc3499881c81e0ea1ce61a23f6f4f5b42"

async@^2.0.0:
  version "2.6.0"
  resolved "https://registry.yarnpkg.com/async/-/async-2.6.0.tgz#61a29abb6fcc026fea77e56d1c6ec53a795951f4"
  dependencies:
    lodash "^4.14.0"

csr-gen@^0.2.1:
  version "0.2.1"
  resolved "https://registry.yarnpkg.com/csr-gen/-/csr-gen-0.2.1.tgz#7933b4cd3839132014cc51b44e1e18c734a4853d"
  dependencies:
    underscore "1.4.x"
    underscore.string "2.3.x"

lodash@^4.14.0:
  version "4.17.5"
  resolved "https://registry.yarnpkg.com/lodash/-/lodash-4.17.5.tgz#99a92d65c0272debe8c96b6057bc8fbfa3bed511"

mout@^0.11.1:
  version "0.11.1"
  resolved "https://registry.yarnpkg.com/mout/-/mout-0.11.1.tgz#ba3611df5f0e5b1ffbfd01166b8f02d1f5fa2b99"

mout@^1.0.0:
  version "1.1.0"
  resolved "https://registry.yarnpkg.com/mout/-/mout-1.1.0.tgz#0b29d41e6a80fa9e2d4a5be9d602e1d9d02177f6"

nyks@^2.9.0:
  version "2.31.3"
  resolved "https://registry.yarnpkg.com/nyks/-/nyks-2.31.3.tgz#3dafdbbbeb765519c40b23747e9198c39a1036ba"
  dependencies:
    async "^2.0.0"
    mout "^1.0.0"

openssl@^1.1.0:
  version "1.1.0"
  resolved "https://registry.yarnpkg.com/openssl/-/openssl-1.1.0.tgz#72f925577ed0c99531306f84d1153ca10bd3aefd"
  dependencies:
    mout "^0.11.1"
    nyks "^2.9.0"

os-tmpdir@~1.0.2:
  version "1.0.2"
  resolved "https://registry.yarnpkg.com/os-tmpdir/-/os-tmpdir-1.0.2.tgz#bbe67406c79aa85c5cfec766fe5734555dfa1274"

ssl-utils@^0.3.0:
  version "0.3.0"
  resolved "https://registry.yarnpkg.com/ssl-utils/-/ssl-utils-0.3.0.tgz#b0069e5c93f09c9dc2421735a043cdba7873e1e4"
  dependencies:
    tmp "~0.0.21"

tmp@~0.0.21:
  version "0.0.33"
  resolved "https://registry.yarnpkg.com/tmp/-/tmp-0.0.33.tgz#6d34335889768d21b2bcda0aa277ced3b1bfadf9"
  dependencies:
    os-tmpdir "~1.0.2"

typescript@^2.8.1:
  version "2.8.1"
  resolved "https://registry.yarnpkg.com/typescript/-/typescript-2.8.1.tgz#6160e4f8f195d5ba81d4876f9c0cc1fbc0820624"

underscore.string@2.3.x:
  version "2.3.3"
  resolved "https://registry.yarnpkg.com/underscore.string/-/underscore.string-2.3.3.tgz#71c08bf6b428b1133f37e78fa3a21c82f7329b0d"

underscore@1.4.x:
  version "1.4.4"
  resolved "https://registry.yarnpkg.com/underscore/-/underscore-1.4.4.tgz#61a6a32010622afa07963bf325203cf12239d604"

yarn@^1.5.1:
  version "1.5.1"
  resolved "https://registry.yarnpkg.com/yarn/-/yarn-1.5.1.tgz#e8680360e832ac89521eb80dad3a7bc27a40bab4"
